
Microsoft Visual Studio Solution File, Format Version 12.00
# Visual Studio Version 17
VisualStudioVersion = 17.10.34928.147
MinimumVisualStudioVersion = 10.0.40219.1
Project("{FAE04EC0-301F-11D3-BF4B-00C04F79EFBC}") = "EfCoreTeacherAndStudent", "EfCoreTeacherAndStudent.csproj", "{DE346E4C-BEAE-424E-BD09-9E91D5FC8096}"
EndProject
Global
	GlobalSection(SolutionConfigurationPlatforms) = preSolution
		Debug|Any CPU = Debug|Any CPU
		Release|Any CPU = Release|Any CPU
	EndGlobalSection
	GlobalSection(ProjectConfigurationPlatforms) = postSolution
		{DE346E4C-BEAE-424E-BD09-9E91D5FC8096}.Debug|Any CPU.ActiveCfg = Debug|Any CPU
		{DE346E4C-BEAE-424E-BD09-9E91D5FC8096}.Debug|Any CPU.Build.0 = Debug|Any CPU
		{DE346E4C-BEAE-424E-BD09-9E91D5FC8096}.Release|Any CPU.ActiveCfg = Release|Any CPU
		{DE346E4C-BEAE-424E-BD09-9E91D5FC8096}.Release|Any CPU.Build.0 = Release|Any CPU
	EndGlobalSection
	GlobalSection(SolutionProperties) = preSolution
		HideSolutionNode = FALSE
	EndGlobalSection
	GlobalSection(ExtensibilityGlobals) = postSolution
		SolutionGuid = {0809C6B1-9BEF-433E-96BF-8C435E6D51B6}
	EndGlobalSection
EndGlobal
